
Microsoft Visual Studio Solution File, Format Version 12.00
# Visual Studio Version 17
VisualStudioVersion = 17.13.35913.81 d17.13
MinimumVisualStudioVersion = 10.0.40219.1
Project("{FAE04EC0-301F-11D3-BF4B-00C04F79EFBC}") = "Ninja_Path", "Ninja_Path.csproj", "{7C03213D-0562-46E2-9C11-6E1156EB078F}"
EndProject
Global
	GlobalSection(SolutionConfigurationPlatforms) = preSolution
		Debug|Any CPU = Debug|Any CPU
		Release|Any CPU = Release|Any CPU
	EndGlobalSection
	GlobalSection(ProjectConfigurationPlatforms) = postSolution
		{7C03213D-0562-46E2-9C11-6E1156EB078F}.Debug|Any CPU.ActiveCfg = Debug|Any CPU
		{7C03213D-0562-46E2-9C11-6E1156EB078F}.Debug|Any CPU.Build.0 = Debug|Any CPU
		{7C03213D-0562-46E2-9C11-6E1156EB078F}.Release|Any CPU.ActiveCfg = Release|Any CPU
		{7C03213D-0562-46E2-9C11-6E1156EB078F}.Release|Any CPU.Build.0 = Release|Any CPU
	EndGlobalSection
	GlobalSection(SolutionProperties) = preSolution
		HideSolutionNode = FALSE
	EndGlobalSection
	GlobalSection(ExtensibilityGlobals) = postSolution
		SolutionGuid = {8E7283C2-F695-4936-AFAE-4784932C9DD9}
	EndGlobalSection
EndGlobal
